
Microsoft Visual Studio Solution File, Format Version 12.00
# Visual Studio 14
VisualStudioVersion = 14.0.25420.1
MinimumVisualStudioVersion = 10.0.40219.1
Project("{FAE04EC0-301F-11D3-BF4B-00C04F79EFBC}") = "ApiWrapper.Responses", "ApiWrapper.Responses\ApiWrapper.Responses.csproj", "{35C84D83-0146-4052-A14B-2AED2B7E8427}"
EndProject
Project("{FAE04EC0-301F-11D3-BF4B-00C04F79EFBC}") = "ApiWrappers.Clients", "ApiWrappers.Clients\ApiWrappers.Clients.csproj", "{567B58EA-F12C-4373-8D2E-826408539B55}"
EndProject
Project("{FAE04EC0-301F-11D3-BF4B-00C04F79EFBC}") = "Cats", "Cats\Cats.csproj", "{78D4B3EA-8300-4379-8E34-D3983D34B288}"
EndProject
Global
	GlobalSection(SolutionConfigurationPlatforms) = preSolution
		Debug|Any CPU = Debug|Any CPU
		Release|Any CPU = Release|Any CPU
	EndGlobalSection
	GlobalSection(ProjectConfigurationPlatforms) = postSolution
		{35C84D83-0146-4052-A14B-2AED2B7E8427}.Debug|Any CPU.ActiveCfg = Debug|Any CPU
		{35C84D83-0146-4052-A14B-2AED2B7E8427}.Debug|Any CPU.Build.0 = Debug|Any CPU
		{35C84D83-0146-4052-A14B-2AED2B7E8427}.Release|Any CPU.ActiveCfg = Release|Any CPU
		{35C84D83-0146-4052-A14B-2AED2B7E8427}.Release|Any CPU.Build.0 = Release|Any CPU
		{567B58EA-F12C-4373-8D2E-826408539B55}.Debug|Any CPU.ActiveCfg = Debug|Any CPU
		{567B58EA-F12C-4373-8D2E-826408539B55}.Debug|Any CPU.Build.0 = Debug|Any CPU
		{567B58EA-F12C-4373-8D2E-826408539B55}.Release|Any CPU.ActiveCfg = Release|Any CPU
		{567B58EA-F12C-4373-8D2E-826408539B55}.Release|Any CPU.Build.0 = Release|Any CPU
		{78D4B3EA-8300-4379-8E34-D3983D34B288}.Debug|Any CPU.ActiveCfg = Debug|Any CPU
		{78D4B3EA-8300-4379-8E34-D3983D34B288}.Debug|Any CPU.Build.0 = Debug|Any CPU
		{78D4B3EA-8300-4379-8E34-D3983D34B288}.Release|Any CPU.ActiveCfg = Release|Any CPU
		{78D4B3EA-8300-4379-8E34-D3983D34B288}.Release|Any CPU.Build.0 = Release|Any CPU
	EndGlobalSection
	GlobalSection(SolutionProperties) = preSolution
		HideSolutionNode = FALSE
	EndGlobalSection
EndGlobal
